
Microsoft Visual Studio Solution File, Format Version 12.00
# Visual Studio Version 16
VisualStudioVersion = 16.0.29025.244
MinimumVisualStudioVersion = 10.0.40219.1
Project("{9A19103F-16F7-4668-BE54-9A1E7A4F7556}") = "LJD.Simple.Repository", "LJD.Simple.Repository\LJD.Simple.Repository.csproj", "{94582777-2686-4B26-9A74-1E92F8D26445}"
EndProject
Project("{9A19103F-16F7-4668-BE54-9A1E7A4F7556}") = "LJD.Simple.Util", "LJD.Simple.Util\LJD.Simple.Util.csproj", "{D37909EC-754E-4544-B6D8-85676480C6CB}"
EndProject
Project("{9A19103F-16F7-4668-BE54-9A1E7A4F7556}") = "LJD.Simple.Model", "LJD.Simple.Model\LJD.Simple.Model.csproj", "{D580B75F-42E6-4886-8A25-61AE71AD5B2A}"
EndProject
Project("{9A19103F-16F7-4668-BE54-9A1E7A4F7556}") = "LJD.Simple.DataAccess", "LJD.Simple.DataAccess\LJD.Simple.DataAccess.csproj", "{3E8BD916-85DE-40F0-8864-454752CAB8DF}"
EndProject
Project("{FAE04EC0-301F-11D3-BF4B-00C04F79EFBC}") = "LJD.WeChart", "LJD.WeChart\LJD.WeChart.csproj", "{7080E5A6-19F3-424D-A911-628A9F7B197F}"
EndProject
Global
	GlobalSection(SolutionConfigurationPlatforms) = preSolution
		Debug|Any CPU = Debug|Any CPU
		Release|Any CPU = Release|Any CPU
	EndGlobalSection
	GlobalSection(ProjectConfigurationPlatforms) = postSolution
		{94582777-2686-4B26-9A74-1E92F8D26445}.Debug|Any CPU.ActiveCfg = Debug|Any CPU
		{94582777-2686-4B26-9A74-1E92F8D26445}.Debug|Any CPU.Build.0 = Debug|Any CPU
		{94582777-2686-4B26-9A74-1E92F8D26445}.Release|Any CPU.ActiveCfg = Release|Any CPU
		{94582777-2686-4B26-9A74-1E92F8D26445}.Release|Any CPU.Build.0 = Release|Any CPU
		{D37909EC-754E-4544-B6D8-85676480C6CB}.Debug|Any CPU.ActiveCfg = Debug|Any CPU
		{D37909EC-754E-4544-B6D8-85676480C6CB}.Debug|Any CPU.Build.0 = Debug|Any CPU
		{D37909EC-754E-4544-B6D8-85676480C6CB}.Release|Any CPU.ActiveCfg = Release|Any CPU
		{D37909EC-754E-4544-B6D8-85676480C6CB}.Release|Any CPU.Build.0 = Release|Any CPU
		{D580B75F-42E6-4886-8A25-61AE71AD5B2A}.Debug|Any CPU.ActiveCfg = Debug|Any CPU
		{D580B75F-42E6-4886-8A25-61AE71AD5B2A}.Debug|Any CPU.Build.0 = Debug|Any CPU
		{D580B75F-42E6-4886-8A25-61AE71AD5B2A}.Release|Any CPU.ActiveCfg = Release|Any CPU
		{D580B75F-42E6-4886-8A25-61AE71AD5B2A}.Release|Any CPU.Build.0 = Release|Any CPU
		{3E8BD916-85DE-40F0-8864-454752CAB8DF}.Debug|Any CPU.ActiveCfg = Debug|Any CPU
		{3E8BD916-85DE-40F0-8864-454752CAB8DF}.Debug|Any CPU.Build.0 = Debug|Any CPU
		{3E8BD916-85DE-40F0-8864-454752CAB8DF}.Release|Any CPU.ActiveCfg = Release|Any CPU
		{3E8BD916-85DE-40F0-8864-454752CAB8DF}.Release|Any CPU.Build.0 = Release|Any CPU
		{7080E5A6-19F3-424D-A911-628A9F7B197F}.Debug|Any CPU.ActiveCfg = Debug|Any CPU
		{7080E5A6-19F3-424D-A911-628A9F7B197F}.Debug|Any CPU.Build.0 = Debug|Any CPU
		{7080E5A6-19F3-424D-A911-628A9F7B197F}.Release|Any CPU.ActiveCfg = Release|Any CPU
		{7080E5A6-19F3-424D-A911-628A9F7B197F}.Release|Any CPU.Build.0 = Release|Any CPU
	EndGlobalSection
	GlobalSection(SolutionProperties) = preSolution
		HideSolutionNode = FALSE
	EndGlobalSection
	GlobalSection(ExtensibilityGlobals) = postSolution
		SolutionGuid = {A7D578B8-447C-443C-AB31-B9F3ACDD6A69}
	EndGlobalSection
EndGlobal
